
Microsoft Visual Studio Solution File, Format Version 12.00
# Visual Studio Version 17
VisualStudioVersion = 17.14.36518.9 d17.14
MinimumVisualStudioVersion = 10.0.40219.1
Project("{FAE04EC0-301F-11D3-BF4B-00C04F79EFBC}") = "RenoTracker", "RenoTracker\RenoTracker.csproj", "{405E6B71-9FE3-4F41-9607-2884C25A2AFB}"
EndProject
Global
	GlobalSection(SolutionConfigurationPlatforms) = preSolution
		Debug|Any CPU = Debug|Any CPU
		Release|Any CPU = Release|Any CPU
	EndGlobalSection
	GlobalSection(ProjectConfigurationPlatforms) = postSolution
		{405E6B71-9FE3-4F41-9607-2884C25A2AFB}.Debug|Any CPU.ActiveCfg = Debug|Any CPU
		{405E6B71-9FE3-4F41-9607-2884C25A2AFB}.Debug|Any CPU.Build.0 = Debug|Any CPU
		{405E6B71-9FE3-4F41-9607-2884C25A2AFB}.Release|Any CPU.ActiveCfg = Release|Any CPU
		{405E6B71-9FE3-4F41-9607-2884C25A2AFB}.Release|Any CPU.Build.0 = Release|Any CPU
	EndGlobalSection
	GlobalSection(SolutionProperties) = preSolution
		HideSolutionNode = FALSE
	EndGlobalSection
	GlobalSection(ExtensibilityGlobals) = postSolution
		SolutionGuid = {FC925ACE-E94C-4333-8319-33D9601D2636}
	EndGlobalSection
EndGlobal
